dependencies:
  controller_driver:
    dependencies: []
    source:
      path: components/controller_driver
      type: local
    version: 0.1.0
  idf:
    source:
      type: idf
    version: 6.0.1
  sh1106:
    dependencies: []
    source:
      path: components/sh1106
      type: local
    version: 1.0.1
  sound_driver:
    dependencies: []
    source:
      path: components/sound_driver
      type: local
    version: 0.1.0
direct_dependencies:
- controller_driver
- idf
- sh1106
- sound_driver
manifest_hash: fa4528c3fc2c8485d309e915cc5565f7b94aac162ac70ba869b058d562fd33f0
target: esp32c6
version: 3.0.0
