dependencies:
  controller_driver:
    dependencies: []
    source:
      path: components/controller_driver
      type: local
    version: 0.1.0
  idf:
    source:
      type: idf
    version: 6.0.1
  sound_driver:
    dependencies: []
    source:
      path: components/sound_driver
      type: local
    version: 0.1.0
  ssd1306:
    dependencies: []
    source:
      path: components/ssd1306
      type: local
    version: 1.1.2
direct_dependencies:
- controller_driver
- idf
- sound_driver
- ssd1306
manifest_hash: 4ca4670e608919176e66ffc9de2e087327e2ccecf9921a70d720569df8a5228d
target: esp32c6
version: 3.0.0
